<?xml version="1.0" encoding="utf-8"?>
<Project ToolsVersion="4.0" xmlns="http://schemas.microsoft.com/developer/msbuild/2003">
  <ItemGroup>
    <ClCompile Include="src\testbed\main.cpp">
      <Filter>Src</Filter>
    </ClCompile>
    <ClCompile Include="src\testbed\world.cpp">
      <Filter>Src</Filter>
    </ClCompile>
    <ClCompile Include="src\testbed\object.cpp">
      <Filter>Src\Scene</Filter>
    </ClCompile>
    <ClCompile Include="src\testbed\floor.cpp">
      <Filter>Src\Scene</Filter>
    </ClCompile>
    <ClCompile Include="src\testbed\model_base.cpp">
      <Filter>Src\Scene</Filter>
    </ClCompile>
    <ClCompile Include="src\testbed\light.cpp">
      <Filter>Src\Scene\lights</Filter>
    </ClCompile>
    <ClCompile Include="src\testbed\point_light.cpp">
      <Filter>Src\Scene\lights</Filter>
    </ClCompile>
    <ClCompile Include="src\testbed\dir_light.cpp">
      <Filter>Src\Scene\lights</Filter>
    </ClCompile>
    <ClCompile Include="src\testbed\cube.cpp">
      <Filter>Src\Scene</Filter>
    </ClCompile>
  </ItemGroup>
  <ItemGroup>
    <None Include="src\testbed\world.fs">
      <Filter>Src\Shaders</Filter>
    </None>
    <None Include="src\testbed\world.vs">
      <Filter>Src\Shaders</Filter>
    </None>
  </ItemGroup>
  <ItemGroup>
    <Filter Include="Src">
      <UniqueIdentifier>{e6a9e912-652b-44a5-a8db-7cdfe9cc6377}</UniqueIdentifier>
    </Filter>
    <Filter Include="Src\Shaders">
      <UniqueIdentifier>{af427689-5b89-42eb-9aeb-54b97a6d8a12}</UniqueIdentifier>
    </Filter>
    <Filter Include="Src\Scene">
      <UniqueIdentifier>{5075b9d0-a14f-4070-9b49-68dfe7720939}</UniqueIdentifier>
    </Filter>
    <Filter Include="Src\Scene\lights">
      <UniqueIdentifier>{ba0f50d0-fd6b-44d6-bf48-8e99c1d6b0d6}</UniqueIdentifier>
    </Filter>
  </ItemGroup>
  <ItemGroup>
    <ClInclude Include="src\testbed\world.h">
      <Filter>Src</Filter>
    </ClInclude>
    <ClInclude Include="src\testbed\object.h">
      <Filter>Src\Scene</Filter>
    </ClInclude>
    <ClInclude Include="src\testbed\floor.h">
      <Filter>Src\Scene</Filter>
    </ClInclude>
    <ClInclude Include="src\testbed\opengl.h">
      <Filter>Src</Filter>
    </ClInclude>
    <ClInclude Include="src\testbed\model_base.h">
      <Filter>Src\Scene</Filter>
    </ClInclude>
    <ClInclude Include="src\testbed\light.h">
      <Filter>Src\Scene\lights</Filter>
    </ClInclude>
    <ClInclude Include="src\testbed\point_light.h">
      <Filter>Src\Scene\lights</Filter>
    </ClInclude>
    <ClInclude Include="src\testbed\dir_light.h">
      <Filter>Src\Scene\lights</Filter>
    </ClInclude>
    <ClInclude Include="src\testbed\cube.h">
      <Filter>Src\Scene</Filter>
    </ClInclude>
  </ItemGroup>
</Project>